# This file was autogenerated by uv via the following command:
#    uv pip compile pyproject.toml --extra agent -o requirements.lock
anyio==4.15.1
    # via httpx
beautifulsoup4==4.15.0
    # via cerberus (pyproject.toml)
certifi==2026.7.22
    # via
    #   httpcore
    #   httpx
h11==0.16.0
    # via httpcore
httpcore==1.0.9
    # via httpx
httpx==0.28.1
    # via cerberus (pyproject.toml)
idna==3.19
    # via
    #   anyio
    #   httpx
linkify-it-py==2.2.0
    # via markdown-it-py
markdown-it-py==4.2.0
    # via
    #   mdit-py-plugins
    #   rich
    #   textual
mdit-py-plugins==0.6.1
    # via textual
mdurl==0.1.2
    # via markdown-it-py
platformdirs==4.11.7
    # via textual
prompt-toolkit==3.0.53
    # via cerberus (pyproject.toml)
pygments==2.21.0
    # via
    #   rich
    #   textual
pyyaml==6.0.3
    # via cerberus (pyproject.toml)
rich==15.0.0
    # via
    #   cerberus (pyproject.toml)
    #   textual
soupsieve==2.9.2
    # via beautifulsoup4
textual==8.2.8
    # via cerberus (pyproject.toml)
typing-extensions==4.16.0
    # via
    #   anyio
    #   beautifulsoup4
    #   textual
wcwidth==0.8.3
    # via prompt-toolkit
